
Microsoft Visual Studio Solution File, Format Version 12.00
# Visual Studio Version 17
VisualStudioVersion = 17.0.31903.59
MinimumVisualStudioVersion = 10.0.40219.1
Project("{FAE04EC0-301F-11D3-BF4B-00C04F79EFBC}") = "CarMaintenance.Core", "CarMaintenance.Core\CarMaintenance.Core.csproj", "{9602E897-6FCE-4F9C-B56C-0B37538F0207}"
EndProject
Project("{FAE04EC0-301F-11D3-BF4B-00C04F79EFBC}") = "CarMaintenance.Infrastructure", "CarMaintenance.Infrastructure\CarMaintenance.Infrastructure.csproj", "{E578BEFE-928C-45D1-BFE0-3050985A668C}"
EndProject
Project("{FAE04EC0-301F-11D3-BF4B-00C04F79EFBC}") = "CarMaintenance.Web", "CarMaintenance.Web\CarMaintenance.Web.csproj", "{319E5BC0-E1CD-4737-A170-5D539EDF15D2}"
EndProject
Project("{FAE04EC0-301F-11D3-BF4B-00C04F79EFBC}") = "CarMaintenance.Tests", "CarMaintenance.Tests\CarMaintenance.Tests.csproj", "{6FDA553D-7AD1-4354-8341-885102976F52}"
EndProject
Global
	GlobalSection(SolutionConfigurationPlatforms) = preSolution
		Debug|Any CPU = Debug|Any CPU
		Debug|x64 = Debug|x64
		Debug|x86 = Debug|x86
		Release|Any CPU = Release|Any CPU
		Release|x64 = Release|x64
		Release|x86 = Release|x86
	EndGlobalSection
	GlobalSection(ProjectConfigurationPlatforms) = postSolution
		{9602E897-6FCE-4F9C-B56C-0B37538F0207}.Debug|Any CPU.ActiveCfg = Debug|Any CPU
		{9602E897-6FCE-4F9C-B56C-0B37538F0207}.Debug|Any CPU.Build.0 = Debug|Any CPU
		{9602E897-6FCE-4F9C-B56C-0B37538F0207}.Debug|x64.ActiveCfg = Debug|Any CPU
		{9602E897-6FCE-4F9C-B56C-0B37538F0207}.Debug|x64.Build.0 = Debug|Any CPU
		{9602E897-6FCE-4F9C-B56C-0B37538F0207}.Debug|x86.ActiveCfg = Debug|Any CPU
		{9602E897-6FCE-4F9C-B56C-0B37538F0207}.Debug|x86.Build.0 = Debug|Any CPU
		{9602E897-6FCE-4F9C-B56C-0B37538F0207}.Release|Any CPU.ActiveCfg = Release|Any CPU
		{9602E897-6FCE-4F9C-B56C-0B37538F0207}.Release|Any CPU.Build.0 = Release|Any CPU
		{9602E897-6FCE-4F9C-B56C-0B37538F0207}.Release|x64.ActiveCfg = Release|Any CPU
		{9602E897-6FCE-4F9C-B56C-0B37538F0207}.Release|x64.Build.0 = Release|Any CPU
		{9602E897-6FCE-4F9C-B56C-0B37538F0207}.Release|x86.ActiveCfg = Release|Any CPU
		{9602E897-6FCE-4F9C-B56C-0B37538F0207}.Release|x86.Build.0 = Release|Any CPU
		{E578BEFE-928C-45D1-BFE0-3050985A668C}.Debug|Any CPU.ActiveCfg = Debug|Any CPU
		{E578BEFE-928C-45D1-BFE0-3050985A668C}.Debug|Any CPU.Build.0 = Debug|Any CPU
		{E578BEFE-928C-45D1-BFE0-3050985A668C}.Debug|x64.ActiveCfg = Debug|Any CPU
		{E578BEFE-928C-45D1-BFE0-3050985A668C}.Debug|x64.Build.0 = Debug|Any CPU
		{E578BEFE-928C-45D1-BFE0-3050985A668C}.Debug|x86.ActiveCfg = Debug|Any CPU
		{E578BEFE-928C-45D1-BFE0-3050985A668C}.Debug|x86.Build.0 = Debug|Any CPU
		{E578BEFE-928C-45D1-BFE0-3050985A668C}.Release|Any CPU.ActiveCfg = Release|Any CPU
		{E578BEFE-928C-45D1-BFE0-3050985A668C}.Release|Any CPU.Build.0 = Release|Any CPU
		{E578BEFE-928C-45D1-BFE0-3050985A668C}.Release|x64.ActiveCfg = Release|Any CPU
		{E578BEFE-928C-45D1-BFE0-3050985A668C}.Release|x64.Build.0 = Release|Any CPU
		{E578BEFE-928C-45D1-BFE0-3050985A668C}.Release|x86.ActiveCfg = Release|Any CPU
		{E578BEFE-928C-45D1-BFE0-3050985A668C}.Release|x86.Build.0 = Release|Any CPU
		{319E5BC0-E1CD-4737-A170-5D539EDF15D2}.Debug|Any CPU.ActiveCfg = Debug|Any CPU
		{319E5BC0-E1CD-4737-A170-5D539EDF15D2}.Debug|Any CPU.Build.0 = Debug|Any CPU
		{319E5BC0-E1CD-4737-A170-5D539EDF15D2}.Debug|x64.ActiveCfg = Debug|Any CPU
		{319E5BC0-E1CD-4737-A170-5D539EDF15D2}.Debug|x64.Build.0 = Debug|Any CPU
		{319E5BC0-E1CD-4737-A170-5D539EDF15D2}.Debug|x86.ActiveCfg = Debug|Any CPU
		{319E5BC0-E1CD-4737-A170-5D539EDF15D2}.Debug|x86.Build.0 = Debug|Any CPU
		{319E5BC0-E1CD-4737-A170-5D539EDF15D2}.Release|Any CPU.ActiveCfg = Release|Any CPU
		{319E5BC0-E1CD-4737-A170-5D539EDF15D2}.Release|Any CPU.Build.0 = Release|Any CPU
		{319E5BC0-E1CD-4737-A170-5D539EDF15D2}.Release|x64.ActiveCfg = Release|Any CPU
		{319E5BC0-E1CD-4737-A170-5D539EDF15D2}.Release|x64.Build.0 = Release|Any CPU
		{319E5BC0-E1CD-4737-A170-5D539EDF15D2}.Release|x86.ActiveCfg = Release|Any CPU
		{319E5BC0-E1CD-4737-A170-5D539EDF15D2}.Release|x86.Build.0 = Release|Any CPU
		{6FDA553D-7AD1-4354-8341-885102976F52}.Debug|Any CPU.ActiveCfg = Debug|Any CPU
		{6FDA553D-7AD1-4354-8341-885102976F52}.Debug|Any CPU.Build.0 = Debug|Any CPU
		{6FDA553D-7AD1-4354-8341-885102976F52}.Debug|x64.ActiveCfg = Debug|Any CPU
		{6FDA553D-7AD1-4354-8341-885102976F52}.Debug|x64.Build.0 = Debug|Any CPU
		{6FDA553D-7AD1-4354-8341-885102976F52}.Debug|x86.ActiveCfg = Debug|Any CPU
		{6FDA553D-7AD1-4354-8341-885102976F52}.Debug|x86.Build.0 = Debug|Any CPU
		{6FDA553D-7AD1-4354-8341-885102976F52}.Release|Any CPU.ActiveCfg = Release|Any CPU
		{6FDA553D-7AD1-4354-8341-885102976F52}.Release|Any CPU.Build.0 = Release|Any CPU
		{6FDA553D-7AD1-4354-8341-885102976F52}.Release|x64.ActiveCfg = Release|Any CPU
		{6FDA553D-7AD1-4354-8341-885102976F52}.Release|x64.Build.0 = Release|Any CPU
		{6FDA553D-7AD1-4354-8341-885102976F52}.Release|x86.ActiveCfg = Release|Any CPU
		{6FDA553D-7AD1-4354-8341-885102976F52}.Release|x86.Build.0 = Release|Any CPU
	EndGlobalSection
	GlobalSection(SolutionProperties) = preSolution
		HideSolutionNode = FALSE
	EndGlobalSection
EndGlobal
