
Microsoft Visual Studio Solution File, Format Version 12.00
# Visual Studio Version 17
VisualStudioVersion = 17.0.31903.59
MinimumVisualStudioVersion = 10.0.40219.1
Project("{2150E333-8FDC-42A3-9474-1A3956D46DE8}") = "src", "src", "{827E0CD3-B72D-47B6-A68D-7590B98EB39B}"
EndProject
Project("{FAE04EC0-301F-11D3-BF4B-00C04F79EFBC}") = "AIQAAssistant.Domain", "src\AIQAAssistant.Domain\AIQAAssistant.Domain.csproj", "{E2C939C6-25FE-41A0-8334-0C5FA55118FC}"
EndProject
Project("{FAE04EC0-301F-11D3-BF4B-00C04F79EFBC}") = "AIQAAssistant.Application", "src\AIQAAssistant.Application\AIQAAssistant.Application.csproj", "{B29D2A59-2B60-48B5-998E-BBFFB47AA015}"
EndProject
Project("{FAE04EC0-301F-11D3-BF4B-00C04F79EFBC}") = "AIQAAssistant.Infrastructure", "src\AIQAAssistant.Infrastructure\AIQAAssistant.Infrastructure.csproj", "{E60E117E-1233-49B6-9858-1304A691784A}"
EndProject
Project("{FAE04EC0-301F-11D3-BF4B-00C04F79EFBC}") = "AIQAAssistant.Api", "src\AIQAAssistant.Api\AIQAAssistant.Api.csproj", "{1B54BF86-9589-413D-8BC4-2265903B484E}"
EndProject
Project("{2150E333-8FDC-42A3-9474-1A3956D46DE8}") = "tests", "tests", "{0AB3BF05-4346-4AA6-1389-037BE0695223}"
EndProject
Project("{FAE04EC0-301F-11D3-BF4B-00C04F79EFBC}") = "AIQAAssistant.Application.Tests", "tests\AIQAAssistant.Application.Tests\AIQAAssistant.Application.Tests.csproj", "{AD57C867-8595-4C2D-8557-10872D4A4CC4}"
EndProject
Project("{FAE04EC0-301F-11D3-BF4B-00C04F79EFBC}") = "AIQAAssistant.Api.Tests", "tests\AIQAAssistant.Api.Tests\AIQAAssistant.Api.Tests.csproj", "{BF8A0E07-8359-4C18-ADD1-B75B4D2CD7AF}"
EndProject
Project("{FAE04EC0-301F-11D3-BF4B-00C04F79EFBC}") = "AIQAAssistant.E2E.Tests", "tests\AIQAAssistant.E2E.Tests\AIQAAssistant.E2E.Tests.csproj", "{7C97D4BF-FEA1-499F-BE94-8C7A918A91F5}"
EndProject
Global
	GlobalSection(SolutionConfigurationPlatforms) = preSolution
		Debug|Any CPU = Debug|Any CPU
		Debug|x64 = Debug|x64
		Debug|x86 = Debug|x86
		Release|Any CPU = Release|Any CPU
		Release|x64 = Release|x64
		Release|x86 = Release|x86
	EndGlobalSection
	GlobalSection(ProjectConfigurationPlatforms) = postSolution
		{E2C939C6-25FE-41A0-8334-0C5FA55118FC}.Debug|Any CPU.ActiveCfg = Debug|Any CPU
		{E2C939C6-25FE-41A0-8334-0C5FA55118FC}.Debug|Any CPU.Build.0 = Debug|Any CPU
		{E2C939C6-25FE-41A0-8334-0C5FA55118FC}.Debug|x64.ActiveCfg = Debug|Any CPU
		{E2C939C6-25FE-41A0-8334-0C5FA55118FC}.Debug|x64.Build.0 = Debug|Any CPU
		{E2C939C6-25FE-41A0-8334-0C5FA55118FC}.Debug|x86.ActiveCfg = Debug|Any CPU
		{E2C939C6-25FE-41A0-8334-0C5FA55118FC}.Debug|x86.Build.0 = Debug|Any CPU
		{E2C939C6-25FE-41A0-8334-0C5FA55118FC}.Release|Any CPU.ActiveCfg = Release|Any CPU
		{E2C939C6-25FE-41A0-8334-0C5FA55118FC}.Release|Any CPU.Build.0 = Release|Any CPU
		{E2C939C6-25FE-41A0-8334-0C5FA55118FC}.Release|x64.ActiveCfg = Release|Any CPU
		{E2C939C6-25FE-41A0-8334-0C5FA55118FC}.Release|x64.Build.0 = Release|Any CPU
		{E2C939C6-25FE-41A0-8334-0C5FA55118FC}.Release|x86.ActiveCfg = Release|Any CPU
		{E2C939C6-25FE-41A0-8334-0C5FA55118FC}.Release|x86.Build.0 = Release|Any CPU
		{B29D2A59-2B60-48B5-998E-BBFFB47AA015}.Debug|Any CPU.ActiveCfg = Debug|Any CPU
		{B29D2A59-2B60-48B5-998E-BBFFB47AA015}.Debug|Any CPU.Build.0 = Debug|Any CPU
		{B29D2A59-2B60-48B5-998E-BBFFB47AA015}.Debug|x64.ActiveCfg = Debug|Any CPU
		{B29D2A59-2B60-48B5-998E-BBFFB47AA015}.Debug|x64.Build.0 = Debug|Any CPU
		{B29D2A59-2B60-48B5-998E-BBFFB47AA015}.Debug|x86.ActiveCfg = Debug|Any CPU
		{B29D2A59-2B60-48B5-998E-BBFFB47AA015}.Debug|x86.Build.0 = Debug|Any CPU
		{B29D2A59-2B60-48B5-998E-BBFFB47AA015}.Release|Any CPU.ActiveCfg = Release|Any CPU
		{B29D2A59-2B60-48B5-998E-BBFFB47AA015}.Release|Any CPU.Build.0 = Release|Any CPU
		{B29D2A59-2B60-48B5-998E-BBFFB47AA015}.Release|x64.ActiveCfg = Release|Any CPU
		{B29D2A59-2B60-48B5-998E-BBFFB47AA015}.Release|x64.Build.0 = Release|Any CPU
		{B29D2A59-2B60-48B5-998E-BBFFB47AA015}.Release|x86.ActiveCfg = Release|Any CPU
		{B29D2A59-2B60-48B5-998E-BBFFB47AA015}.Release|x86.Build.0 = Release|Any CPU
		{E60E117E-1233-49B6-9858-1304A691784A}.Debug|Any CPU.ActiveCfg = Debug|Any CPU
		{E60E117E-1233-49B6-9858-1304A691784A}.Debug|Any CPU.Build.0 = Debug|Any CPU
		{E60E117E-1233-49B6-9858-1304A691784A}.Debug|x64.ActiveCfg = Debug|Any CPU
		{E60E117E-1233-49B6-9858-1304A691784A}.Debug|x64.Build.0 = Debug|Any CPU
		{E60E117E-1233-49B6-9858-1304A691784A}.Debug|x86.ActiveCfg = Debug|Any CPU
		{E60E117E-1233-49B6-9858-1304A691784A}.Debug|x86.Build.0 = Debug|Any CPU
		{E60E117E-1233-49B6-9858-1304A691784A}.Release|Any CPU.ActiveCfg = Release|Any CPU
		{E60E117E-1233-49B6-9858-1304A691784A}.Release|Any CPU.Build.0 = Release|Any CPU
		{E60E117E-1233-49B6-9858-1304A691784A}.Release|x64.ActiveCfg = Release|Any CPU
		{E60E117E-1233-49B6-9858-1304A691784A}.Release|x64.Build.0 = Release|Any CPU
		{E60E117E-1233-49B6-9858-1304A691784A}.Release|x86.ActiveCfg = Release|Any CPU
		{E60E117E-1233-49B6-9858-1304A691784A}.Release|x86.Build.0 = Release|Any CPU
		{1B54BF86-9589-413D-8BC4-2265903B484E}.Debug|Any CPU.ActiveCfg = Debug|Any CPU
		{1B54BF86-9589-413D-8BC4-2265903B484E}.Debug|Any CPU.Build.0 = Debug|Any CPU
		{1B54BF86-9589-413D-8BC4-2265903B484E}.Debug|x64.ActiveCfg = Debug|Any CPU
		{1B54BF86-9589-413D-8BC4-2265903B484E}.Debug|x64.Build.0 = Debug|Any CPU
		{1B54BF86-9589-413D-8BC4-2265903B484E}.Debug|x86.ActiveCfg = Debug|Any CPU
		{1B54BF86-9589-413D-8BC4-2265903B484E}.Debug|x86.Build.0 = Debug|Any CPU
		{1B54BF86-9589-413D-8BC4-2265903B484E}.Release|Any CPU.ActiveCfg = Release|Any CPU
		{1B54BF86-9589-413D-8BC4-2265903B484E}.Release|Any CPU.Build.0 = Release|Any CPU
		{1B54BF86-9589-413D-8BC4-2265903B484E}.Release|x64.ActiveCfg = Release|Any CPU
		{1B54BF86-9589-413D-8BC4-2265903B484E}.Release|x64.Build.0 = Release|Any CPU
		{1B54BF86-9589-413D-8BC4-2265903B484E}.Release|x86.ActiveCfg = Release|Any CPU
		{1B54BF86-9589-413D-8BC4-2265903B484E}.Release|x86.Build.0 = Release|Any CPU
		{AD57C867-8595-4C2D-8557-10872D4A4CC4}.Debug|Any CPU.ActiveCfg = Debug|Any CPU
		{AD57C867-8595-4C2D-8557-10872D4A4CC4}.Debug|Any CPU.Build.0 = Debug|Any CPU
		{AD57C867-8595-4C2D-8557-10872D4A4CC4}.Debug|x64.ActiveCfg = Debug|Any CPU
		{AD57C867-8595-4C2D-8557-10872D4A4CC4}.Debug|x64.Build.0 = Debug|Any CPU
		{AD57C867-8595-4C2D-8557-10872D4A4CC4}.Debug|x86.ActiveCfg = Debug|Any CPU
		{AD57C867-8595-4C2D-8557-10872D4A4CC4}.Debug|x86.Build.0 = Debug|Any CPU
		{AD57C867-8595-4C2D-8557-10872D4A4CC4}.Release|Any CPU.ActiveCfg = Release|Any CPU
		{AD57C867-8595-4C2D-8557-10872D4A4CC4}.Release|Any CPU.Build.0 = Release|Any CPU
		{AD57C867-8595-4C2D-8557-10872D4A4CC4}.Release|x64.ActiveCfg = Release|Any CPU
		{AD57C867-8595-4C2D-8557-10872D4A4CC4}.Release|x64.Build.0 = Release|Any CPU
		{AD57C867-8595-4C2D-8557-10872D4A4CC4}.Release|x86.ActiveCfg = Release|Any CPU
		{AD57C867-8595-4C2D-8557-10872D4A4CC4}.Release|x86.Build.0 = Release|Any CPU
		{BF8A0E07-8359-4C18-ADD1-B75B4D2CD7AF}.Debug|Any CPU.ActiveCfg = Debug|Any CPU
		{BF8A0E07-8359-4C18-ADD1-B75B4D2CD7AF}.Debug|Any CPU.Build.0 = Debug|Any CPU
		{BF8A0E07-8359-4C18-ADD1-B75B4D2CD7AF}.Debug|x64.ActiveCfg = Debug|Any CPU
		{BF8A0E07-8359-4C18-ADD1-B75B4D2CD7AF}.Debug|x64.Build.0 = Debug|Any CPU
		{BF8A0E07-8359-4C18-ADD1-B75B4D2CD7AF}.Debug|x86.ActiveCfg = Debug|Any CPU
		{BF8A0E07-8359-4C18-ADD1-B75B4D2CD7AF}.Debug|x86.Build.0 = Debug|Any CPU
		{BF8A0E07-8359-4C18-ADD1-B75B4D2CD7AF}.Release|Any CPU.ActiveCfg = Release|Any CPU
		{BF8A0E07-8359-4C18-ADD1-B75B4D2CD7AF}.Release|Any CPU.Build.0 = Release|Any CPU
		{BF8A0E07-8359-4C18-ADD1-B75B4D2CD7AF}.Release|x64.ActiveCfg = Release|Any CPU
		{BF8A0E07-8359-4C18-ADD1-B75B4D2CD7AF}.Release|x64.Build.0 = Release|Any CPU
		{BF8A0E07-8359-4C18-ADD1-B75B4D2CD7AF}.Release|x86.ActiveCfg = Release|Any CPU
		{BF8A0E07-8359-4C18-ADD1-B75B4D2CD7AF}.Release|x86.Build.0 = Release|Any CPU
		{7C97D4BF-FEA1-499F-BE94-8C7A918A91F5}.Debug|Any CPU.ActiveCfg = Debug|Any CPU
		{7C97D4BF-FEA1-499F-BE94-8C7A918A91F5}.Debug|Any CPU.Build.0 = Debug|Any CPU
		{7C97D4BF-FEA1-499F-BE94-8C7A918A91F5}.Debug|x64.ActiveCfg = Debug|Any CPU
		{7C97D4BF-FEA1-499F-BE94-8C7A918A91F5}.Debug|x64.Build.0 = Debug|Any CPU
		{7C97D4BF-FEA1-499F-BE94-8C7A918A91F5}.Debug|x86.ActiveCfg = Debug|Any CPU
		{7C97D4BF-FEA1-499F-BE94-8C7A918A91F5}.Debug|x86.Build.0 = Debug|Any CPU
		{7C97D4BF-FEA1-499F-BE94-8C7A918A91F5}.Release|Any CPU.ActiveCfg = Release|Any CPU
		{7C97D4BF-FEA1-499F-BE94-8C7A918A91F5}.Release|Any CPU.Build.0 = Release|Any CPU
		{7C97D4BF-FEA1-499F-BE94-8C7A918A91F5}.Release|x64.ActiveCfg = Release|Any CPU
		{7C97D4BF-FEA1-499F-BE94-8C7A918A91F5}.Release|x64.Build.0 = Release|Any CPU
		{7C97D4BF-FEA1-499F-BE94-8C7A918A91F5}.Release|x86.ActiveCfg = Release|Any CPU
		{7C97D4BF-FEA1-499F-BE94-8C7A918A91F5}.Release|x86.Build.0 = Release|Any CPU
	EndGlobalSection
	GlobalSection(SolutionProperties) = preSolution
		HideSolutionNode = FALSE
	EndGlobalSection
	GlobalSection(NestedProjects) = preSolution
		{E2C939C6-25FE-41A0-8334-0C5FA55118FC} = {827E0CD3-B72D-47B6-A68D-7590B98EB39B}
		{B29D2A59-2B60-48B5-998E-BBFFB47AA015} = {827E0CD3-B72D-47B6-A68D-7590B98EB39B}
		{E60E117E-1233-49B6-9858-1304A691784A} = {827E0CD3-B72D-47B6-A68D-7590B98EB39B}
		{1B54BF86-9589-413D-8BC4-2265903B484E} = {827E0CD3-B72D-47B6-A68D-7590B98EB39B}
		{AD57C867-8595-4C2D-8557-10872D4A4CC4} = {0AB3BF05-4346-4AA6-1389-037BE0695223}
		{BF8A0E07-8359-4C18-ADD1-B75B4D2CD7AF} = {0AB3BF05-4346-4AA6-1389-037BE0695223}
		{7C97D4BF-FEA1-499F-BE94-8C7A918A91F5} = {0AB3BF05-4346-4AA6-1389-037BE0695223}
	EndGlobalSection
EndGlobal
